{
  "lockfile_version": "1",
  "packages": {
    "awscli2@latest": {
      "last_modified": "2025-06-20T02:24:11Z",
      "resolved": "github:NixOS/nixpkgs/076e8c6678d8c54204abcb4b1b14c366835a58bb#awscli2",
      "source": "devbox-search",
      "version": "2.27.31",
      "systems": {
        "aarch64-darwin": {
          "outputs": [
            {
              "name": "out",
              "path": "/nix/store/lf415l1c72pcd38vb00q3mzsd2znwpjh-awscli2-2.27.31",
              "default": true
            },
            {
              "name": "dist",
              "path": "/nix/store/na3c68waljxfxm98c8wvi489i681v9d2-awscli2-2.27.31-dist"
            }
          ],
          "store_path": "/nix/store/lf415l1c72pcd38vb00q3mzsd2znwpjh-awscli2-2.27.31"
        },
        "aarch64-linux": {
          "outputs": [
            {
              "name": "out",
              "path": "/nix/store/snq5hbpvcjlvqjh1sz26m4z67smnk0dw-awscli2-2.27.31",
              "default": true
            },
            {
              "name": "dist",
              "path": "/nix/store/lfdlpwc21bjy9hfmixrpgn72mv5z2zdb-awscli2-2.27.31-dist"
            }
          ],
          "store_path": "/nix/store/snq5hbpvcjlvqjh1sz26m4z67smnk0dw-awscli2-2.27.31"
        },
        "x86_64-darwin": {
          "outputs": [
            {
              "name": "out",
              "path": "/nix/store/xihbkimfh881hl7h8p9pb2n7j0nyf25n-awscli2-2.27.31",
              "default": true
            },
            {
              "name": "dist",
              "path": "/nix/store/yl6qrgb0p1h7z69195yhyyb6w8fcyx0p-awscli2-2.27.31-dist"
            }
          ],
          "store_path": "/nix/store/xihbkimfh881hl7h8p9pb2n7j0nyf25n-awscli2-2.27.31"
        },
        "x86_64-linux": {
          "outputs": [
            {
              "name": "out",
              "path": "/nix/store/38n0ka2gmcq5vxv5n7lzas1m5vgrnmgf-awscli2-2.27.31",
              "default": true
            },
            {
              "name": "dist",
              "path": "/nix/store/bsn6swzg3h55xgp12lv1l49xnc0li5hw-awscli2-2.27.31-dist"
            }
          ],
          "store_path": "/nix/store/38n0ka2gmcq5vxv5n7lzas1m5vgrnmgf-awscli2-2.27.31"
        }
      }
    },
    "git@latest": {
      "last_modified": "2025-06-20T02:24:11Z",
      "resolved": "github:NixOS/nixpkgs/076e8c6678d8c54204abcb4b1b14c366835a58bb#git",
      "source": "devbox-search",
      "version": "2.49.0",
      "systems": {
        "aarch64-darwin": {
          "outputs": [
            {
              "name": "out",
              "path": "/nix/store/ir2bhb7n3ngh0dg7p6jbhm1wa4d8gkb7-git-2.49.0",
              "default": true
            },
            {
              "name": "doc",
              "path": "/nix/store/f0bi1v08ki7pq6a4rzhjhnp5szj3940k-git-2.49.0-doc"
            }
          ],
          "store_path": "/nix/store/ir2bhb7n3ngh0dg7p6jbhm1wa4d8gkb7-git-2.49.0"
        },
        "aarch64-linux": {
          "outputs": [
            {
              "name": "out",
              "path": "/nix/store/5p8ljxbgnk31zxbz8hvrfkg1qfgiv3qi-git-2.49.0",
              "default": true
            },
            {
              "name": "debug",
              "path": "/nix/store/isw51rw1b78yw6k454m7h402k88n291w-git-2.49.0-debug"
            },
            {
              "name": "doc",
              "path": "/nix/store/hxw5vli42579b8bkxv6nq2p2z4vjvw97-git-2.49.0-doc"
            }
          ],
          "store_path": "/nix/store/5p8ljxbgnk31zxbz8hvrfkg1qfgiv3qi-git-2.49.0"
        },
        "x86_64-darwin": {
          "outputs": [
            {
              "name": "out",
              "path": "/nix/store/72qfjivfnm6kzdfbiavvici8bi3jzrs6-git-2.49.0",
              "default": true
            },
            {
              "name": "doc",
              "path": "/nix/store/900nidzjyaa0950wk104vzgb82h5wspi-git-2.49.0-doc"
            }
          ],
          "store_path": "/nix/store/72qfjivfnm6kzdfbiavvici8bi3jzrs6-git-2.49.0"
        },
        "x86_64-linux": {
          "outputs": [
            {
              "name": "out",
              "path": "/nix/store/rzqvhv48m3nh8g3j4k6jmz6yqy8apr95-git-2.49.0",
              "default": true
            },
            {
              "name": "debug",
              "path": "/nix/store/201xjz2py285323n3y7r30frdwbdnb6q-git-2.49.0-debug"
            },
            {
              "name": "doc",
              "path": "/nix/store/zcjdp82yx46w8yp1inxkkzb3a3k05a0m-git-2.49.0-doc"
            }
          ],
          "store_path": "/nix/store/rzqvhv48m3nh8g3j4k6jmz6yqy8apr95-git-2.49.0"
        }
      }
    },
    "github:NixOS/nixpkgs/nixpkgs-unstable": {
      "last_modified": "2025-06-22T15:15:55Z",
      "resolved": "github:NixOS/nixpkgs/3078b9a9e75f1790e6d6ef9955fdc6a2d1740cc6?lastModified=1750605355&narHash=sha256-xT8cPLTxlktxI9vSdoBlAVK7dXgd8IK59j7ZwzkkhnI%3D"
    },
    "just@latest": {
      "last_modified": "2025-06-20T02:24:11Z",
      "resolved": "github:NixOS/nixpkgs/076e8c6678d8c54204abcb4b1b14c366835a58bb#just",
      "source": "devbox-search",
      "version": "1.40.0",
      "systems": {
        "aarch64-darwin": {
          "outputs": [
            {
              "name": "out",
              "path": "/nix/store/4v1457kd3dgip17z1ihdbmz75iw2pjr4-just-1.40.0",
              "default": true
            },
            {
              "name": "man",
              "path": "/nix/store/y03iqp8jsczmqkbqdwflkrmngzsxpygr-just-1.40.0-man",
              "default": true
            },
            {
              "name": "doc",
              "path": "/nix/store/x3bahjkn74r8pj3iimfxh4bx2mf8q3n2-just-1.40.0-doc"
            }
          ],
          "store_path": "/nix/store/4v1457kd3dgip17z1ihdbmz75iw2pjr4-just-1.40.0"
        },
        "aarch64-linux": {
          "outputs": [
            {
              "name": "out",
              "path": "/nix/store/gifnml1c5vyn5yyydmm72xfnbs9gz26x-just-1.40.0",
              "default": true
            },
            {
              "name": "man",
              "path": "/nix/store/iszvi2nz921mzzlv2lwzpb287ziv1jcn-just-1.40.0-man",
              "default": true
            },
            {
              "name": "doc",
              "path": "/nix/store/07mzqabzlrga8zmr6gm36v7w1xl9l0iq-just-1.40.0-doc"
            }
          ],
          "store_path": "/nix/store/gifnml1c5vyn5yyydmm72xfnbs9gz26x-just-1.40.0"
        },
        "x86_64-darwin": {
          "outputs": [
            {
              "name": "out",
              "path": "/nix/store/14fi0jwrlyh6sy569zi83m1h6gxn5i1w-just-1.40.0",
              "default": true
            },
            {
              "name": "man",
              "path": "/nix/store/glk3qw76bwq8li4lnpwsyc96s3dxqdym-just-1.40.0-man",
              "default": true
            },
            {
              "name": "doc",
              "path": "/nix/store/6dqy5d5kxmbzkwl5rlwiwi1k0prqbhd9-just-1.40.0-doc"
            }
          ],
          "store_path": "/nix/store/14fi0jwrlyh6sy569zi83m1h6gxn5i1w-just-1.40.0"
        },
        "x86_64-linux": {
          "outputs": [
            {
              "name": "out",
              "path": "/nix/store/wjgv4gr41xj5nzvibr8awfwbqa4j14g4-just-1.40.0",
              "default": true
            },
            {
              "name": "man",
              "path": "/nix/store/zyndijhm5l86md2cfvrvrzvr0r51kjc5-just-1.40.0-man",
              "default": true
            },
            {
              "name": "doc",
              "path": "/nix/store/k44kaxh1r325a11khwvwc50xj4zs6k7y-just-1.40.0-doc"
            }
          ],
          "store_path": "/nix/store/wjgv4gr41xj5nzvibr8awfwbqa4j14g4-just-1.40.0"
        }
      }
    },
    "lynx@latest": {
      "last_modified": "2025-07-13T22:45:35Z",
      "resolved": "github:NixOS/nixpkgs/a421ac6595024edcfbb1ef950a3712b89161c359#lynx",
      "source": "devbox-search",
      "version": "2.9.2",
      "systems": {
        "aarch64-darwin": {
          "outputs": [
            {
              "name": "out",
              "path": "/nix/store/gcdmsp39i3zsms4q60gxfp0k59g5apjz-lynx-2.9.2",
              "default": true
            }
          ],
          "store_path": "/nix/store/gcdmsp39i3zsms4q60gxfp0k59g5apjz-lynx-2.9.2"
        },
        "aarch64-linux": {
          "outputs": [
            {
              "name": "out",
              "path": "/nix/store/z4bbipgfkhrk6krp913ln8wmm9dnx08b-lynx-2.9.2",
              "default": true
            }
          ],
          "store_path": "/nix/store/z4bbipgfkhrk6krp913ln8wmm9dnx08b-lynx-2.9.2"
        },
        "x86_64-darwin": {
          "outputs": [
            {
              "name": "out",
              "path": "/nix/store/3zqccsxj3cfk5l1pv5gbr05h7vgvavq9-lynx-2.9.2",
              "default": true
            }
          ],
          "store_path": "/nix/store/3zqccsxj3cfk5l1pv5gbr05h7vgvavq9-lynx-2.9.2"
        },
        "x86_64-linux": {
          "outputs": [
            {
              "name": "out",
              "path": "/nix/store/jq21kiz222m79ay3akyzg55w1qzvyzfw-lynx-2.9.2",
              "default": true
            }
          ],
          "store_path": "/nix/store/jq21kiz222m79ay3akyzg55w1qzvyzfw-lynx-2.9.2"
        }
      }
    },
    "nodejs@latest": {
      "last_modified": "2025-06-22T15:15:55Z",
      "plugin_version": "0.0.2",
      "resolved": "github:NixOS/nixpkgs/3078b9a9e75f1790e6d6ef9955fdc6a2d1740cc6#nodejs_24",
      "source": "devbox-search",
      "version": "24.2.0",
      "systems": {
        "aarch64-darwin": {
          "outputs": [
            {
              "name": "out",
              "path": "/nix/store/78xjsjxlz816m628i9qfq6zd64fl0vx5-nodejs-24.2.0",
              "default": true
            },
            {
              "name": "dev",
              "path": "/nix/store/2qhf80f0drm10689vzl87qbhgkhv3zkh-nodejs-24.2.0-dev"
            },
            {
              "name": "libv8",
              "path": "/nix/store/vipmr51fhqazkm0il4pw192n6y7l49p0-nodejs-24.2.0-libv8"
            }
          ],
          "store_path": "/nix/store/78xjsjxlz816m628i9qfq6zd64fl0vx5-nodejs-24.2.0"
        },
        "aarch64-linux": {
          "outputs": [
            {
              "name": "out",
              "path": "/nix/store/zsdzmv6pakijcwsmqx5pczxbalkxbpsd-nodejs-24.2.0",
              "default": true
            },
            {
              "name": "dev",
              "path": "/nix/store/hr03sbf7a0x5784ykxld3hx6lxgqq8qy-nodejs-24.2.0-dev"
            },
            {
              "name": "libv8",
              "path": "/nix/store/z113gnz8adqwsvw0gzjc9n8m57z2j01z-nodejs-24.2.0-libv8"
            }
          ],
          "store_path": "/nix/store/zsdzmv6pakijcwsmqx5pczxbalkxbpsd-nodejs-24.2.0"
        },
        "x86_64-darwin": {
          "outputs": [
            {
              "name": "out",
              "path": "/nix/store/z70bvy27sg2n936q9lkcmqq3s8zxwjf9-nodejs-24.2.0",
              "default": true
            },
            {
              "name": "libv8",
              "path": "/nix/store/bp2fjpbznyr93kwxlp5aw2j1xr6r3cg9-nodejs-24.2.0-libv8"
            },
            {
              "name": "dev",
              "path": "/nix/store/0fd6d99l9xgdq8l1plsymkhywkpif5w6-nodejs-24.2.0-dev"
            }
          ],
          "store_path": "/nix/store/z70bvy27sg2n936q9lkcmqq3s8zxwjf9-nodejs-24.2.0"
        },
        "x86_64-linux": {
          "outputs": [
            {
              "name": "out",
              "path": "/nix/store/azpqgrv58akzqkj8fq8kb5dyc2jjk7zk-nodejs-24.2.0",
              "default": true
            },
            {
              "name": "libv8",
              "path": "/nix/store/0277k6p1chq0f2ay559jiddj7z8rwgpm-nodejs-24.2.0-libv8"
            },
            {
              "name": "dev",
              "path": "/nix/store/5wsjgd9sdsa6ria1302dc85ps84rlk7z-nodejs-24.2.0-dev"
            }
          ],
          "store_path": "/nix/store/azpqgrv58akzqkj8fq8kb5dyc2jjk7zk-nodejs-24.2.0"
        }
      }
    }
  }
}
